{
  "name": "barbeiro-app",
  "lockfileVersion": 2,
  "requires": true,
  "packages": {
    "": {
      "dependencies": {
        "expo-checkbox": "^2.3.1"
      }
    },
    "node_modules/expo-checkbox": {
      "version": "2.3.1",
      "resolved": "https://registry.npmjs.org/expo-checkbox/-/expo-checkbox-2.3.1.tgz",
      "integrity": "sha512-CTIabriK5xbtDnI9U5Hve82/WG85XLI4GLYSRTT1XST21HjQ7mDaeiYm7DnKzcgM+qeBwmbg3crJYnp7WW/8Ew=="
    }
  },
  "dependencies": {
    "expo-checkbox": {
      "version": "2.3.1",
      "resolved": "https://registry.npmjs.org/expo-checkbox/-/expo-checkbox-2.3.1.tgz",
      "integrity": "sha512-CTIabriK5xbtDnI9U5Hve82/WG85XLI4GLYSRTT1XST21HjQ7mDaeiYm7DnKzcgM+qeBwmbg3crJYnp7WW/8Ew=="
    }
  }
}
